
{
  "name": "ai-companion",
  "version": "1.0.0",
  "lockfileVersion": 3,
  "requires": true,
  "packages": {
    "": {
      "name": "ai-companion",
      "version": "0.0.0",
      "dependencies": {
        "@radix-ui/react-avatar": "^1.0.4",
        "@radix-ui/react-checkbox": "^1.0.4",
        "@radix-ui/react-dialog": "^1.0.5",
        "@radix-ui/react-dropdown-menu": "^2.0.6",
        "@radix-ui/react-icons": "^1.3.0",
        "@radix-ui/react-label": "^2.0.2",
        "@radix-ui/react-scroll-area": "^1.0.5",
        "@radix-ui/react-select": "^2.0.0",
        "@radix-ui/react-slot": "^1.0.2",
        "@radix-ui/react-tabs": "^1.0.4",
        "@radix-ui/react-tooltip": "^1.0.7",
        "class-variance-authority": "^0.7.0",
        "clsx": "^2.1.0",
        "lucide-react": "^0.358.0",
        "next-themes": "^0.3.0",
        "react": "^18.2.0",
        "react-dom": "^18.2.0",
        "react-markdown": "^9.0.1",
        "sonner": "^1.4.41",
        "tailwind-merge": "^2.2.1",
        "tailwindcss-animate": "^1.0.7",
        "vaul": "^0.9.0"
      },
      "devDependencies": {
        "@types/node": "^20.11.27",
        "@types/react": "^18.2.64",
        "@types/react-dom": "^18.2.21",
        "@typescript-eslint/eslint-plugin": "^7.1.1",
        "@typescript-eslint/parser": "^7.1.1",
        "@vitejs/plugin-react": "^4.2.1",
        "autoprefixer": "^10.4.18",
        "eslint": "^8.57.0",
        "eslint-plugin-react-hooks": "^4.6.0",
        "eslint-plugin-react-refresh": "^0.4.5",
        "postcss": "^8.4.35",
        "sass": "^1.75.0",
        "tailwindcss": "^3.4.1",
        "typescript": "^5.2.2",
        "vite": "^5.1.7"
      }
    },
    "node_modules/@aashutoshrathi/word-wrap": {
      "version": "1.2.6",
      "resolved": "https://registry.npmjs.org/@aashutoshrathi/word-wrap/-/word-wrap-1.2.6.tgz",
      "integrity": "sha512-1Yjs2SvM8TflER/OD3cOjhWWOZb58A2t7wpE2S9XfBYTiIl+XFhQG2bjy4Pu1I+EAlCNUzRDYDdFwFYUKvXcIA==",
      "dev": true,
      "engines": {
        "node": ">=0.10.0"
      }
    },
    "node_modules/@alloc/quick-lru": {
      "version": "5.2.0",
      "resolved": "https://registry.npmjs.org/@alloc/quick-lru/-/quick-lru-5.2.0.tgz",
      "integrity": "sha512-UrcABB+4bUrFABwbluTIBErXwvbsU/V7TZWfmbgJfbkwiBuziS9gxdODUyuiecfdGQ85jglMW6juS3+z5TsKLw==",
      "engines": {
        "node": ">=10"
      },
      "funding": {
        "url": "https://github.com/sponsors/sindresorhus"
      }
    },
    "node_modules/@ampproject/remapping": {
      "version": "2.3.0",
      "resolved": "https://registry.npmjs.org/@ampproject/remapping/-/remapping-2.3.0.tgz",
      "integrity": "sha512-30iZtAPgz+LTIYoeivqYo853f02jBYSd5uGnGpkFV0M3xOt9aN73erkgYAmZU43x4VfqcnLxW9Kpg3R5LC4YYw==",
      "dev": true,
      "dependencies": {
        "@jridgewell/gen-mapping": "^0.3.5",
        "@jridgewell/trace-mapping": "^0.3.24"
      },
      "engines": {
        "node": ">=6.0.0"
      }
    },
    "node_modules/@babel/code-frame": {
      "version": "7.23.5",
      "resolved": "https://registry.npmjs.org/@babel/code-frame/-/code-frame-7.23.5.tgz",
      "integrity": "sha512-CgH3s1a96LipHCmSUmYFPwY7MNx8C3avkq7i4Wl3cfa662ldtUe4VM1TPXX70pfmrlWTb6jLqTYrZyT2ZTJBgA==",
      "dev": true,
      "dependencies": {
        "@babel/highlight": "^7.23.4",
        "chalk": "^2.4.2"
      },
      "engines": {
        "node": ">=6.9.0"
      }
    },
    "node_modules/@babel/compat-data": {
      "version": "7.23.5",
      "resolved": "https://registry.npmjs.org/@babel/compat-data/-/compat-data-7.23.5.tgz",
      "integrity": "sha512-uU27kfDRlhfKl+w1U6vp16IuvSLtjAxdArVXPa9BvLkrr7CYIsxH5adpHObeAGY/41+syctUWOZ140a2Rvkgjw==",
      "dev": true,
      "engines": {
        "node": ">=6.9.0"
      }
    },
    "node_modules/@babel/core": {
      "version": "7.24.0",
      "resolved": "https://registry.npmjs.org/@babel/core/-/core-7.24.0.tgz",
      "integrity": "sha512-fQfkg0Gjkza3nf0c7/w6Xf34BW4YvzNfACRLmmb7XRLa6XHdR+K9AlJlxneFfWYf6uhOzuzZVTjF/8KfndZANw==",
      "dev": true,
      "dependencies": {
        "@ampproject/remapping": "^2.2.0",
        "@babel/code-frame": "^7.23.5",
        "@babel/generator": "^7.23.6",
        "@babel/helper-compilation-targets": "^7.23.6",
        "@babel/helper-module-transforms": "^7.23.3",
        "@babel/helpers": "^7.24.0",
        "@babel/parser": "^7.24.0",
        "@babel/template": "^7.24.0",
        "@babel/traverse": "^7.24.0",
        "@babel/types": "^7.24.0",
        "convert-source-map": "^2.0.0",
        "debug": "^4.1.0",
        "gensync": "^1.0.0-beta.2",
        "json5": "^2.2.3",
        "semver": "^6.3.1"
      },
      "engines": {
        "node": ">=6.9.0"
      },
      "funding": {
        "type": "opencollective",
        "url": "https://opencollective.com/babel"
      }
    },
    "node_modules/@babel/core/node_modules/semver": {
      "version": "6.3.1",
      "resolved": "https://registry.npmjs.org/semver/-/semver-6.3.1.tgz",
      "integrity": "sha512-BR7VvDCVHO+q2xBEWskxS6DJE1qRnb7DxzUrogb71CWoSficBxYsiAGd+Kl0mmq/MprG9yArRkyrQxTO6XjMzA==",
      "dev": true,
      "bin": {
        "semver": "bin/semver.js"
      }
    },
    "node_modules/@babel/generator": {
      "version": "7.23.6",
      "resolved": "https://registry.npmjs.org/@babel/generator/-/generator-7.23.6.tgz",
      "integrity": "sha512-qrSfCYxYQB5owCmGLbl8XRpX1ytXlpueOb0N0UmQwA073KZxejgQTzAmJezxvpwQD9uGtK2shHdi55QT+MbjIw==",
      "dev": true,
      "dependencies": {
        "@babel/types": "^7.23.6",
        "@jridgewell/gen-mapping": "^0.3.2",
        "@jridgewell/trace-mapping": "^0.3.17",
        "jsesc": "^2.5.1"
      },
      "engines": {
        "node": ">=6.9.0"
      }
    },
    "node_modules/@babel/helper-compilation-targets": {
      "version": "7.23.6",
      "resolved": "https://registry.npmjs.org/@babel/helper-compilation-targets/-/helper-compilation-targets-7.23.6.tgz",
      "integrity": "sha512-9JB548GZoQVmzrFgp8o7KxdgkTGm6xs9DW0o/Pim72UDjzr5ObUQ6ZzYPqA+g9OTS2bBQoctLJrky0RDCAWRgQ==",
      "dev": true,
      "dependencies": {
        "@babel/compat-data": "^7.23.5",
        "@babel/helper-validator-option": "^7.23.5",
        "browserslist": "^4.22.2",
        "lru-cache": "^5.1.1",
        "semver": "^6.3.1"
      },
      "engines": {
        "node": ">=6.9.0"
      }
    },
    "node_modules/@babel/helper-compilation-targets/node_modules/semver": {
      "version": "6.3.1",
      "resolved": "https://registry.npmjs.org/semver/-/semver-6.3.1.tgz",
      "integrity": "sha512-BR7VvDCVHO+q2xBEWskxS6DJE1qRnb7DxzUrogb71CWoSficBxYsiAGd+Kl0mmq/MprG9yArRkyrQxTO6XjMzA==",
      "dev": true,
      "bin": {
        "semver": "bin/semver.js"
      }
    },
    "node_modules/@babel/helper-environment-visitor": {
      "version": "7.22.20",
      "resolved": "https://registry.npmjs.org/@babel/helper-environment-visitor/-/helper-environment-visitor-7.22.20.tgz",
      "integrity": "sha512-zfedSIzFhat/gFhWfHtgWvlec0nqB9YEIVrpuwjruLlXfUSnA8cJB0miHKwqDnQ7d32aKo2xt88/xZptwxbfhA==",
      "dev": true,
      "engines": {
        "node": ">=6.9.0"
      }
    },
    "node_modules/@babel/helper-function-name": {
      "version": "7.23.0",
      "resolved": "https://registry.npmjs.org/@babel/helper-function-name/-/helper-function-name-7.23.0.tgz",
      "integrity": "sha512-OErEqsrxjZTJciZ4Oo+eoZqeW9UIiOcuYKRJA4ZAgV9myA+pOXhhmpfNCKjEH/auVfEYVFJ6y1Tc4r0eIApqiw==",
      "dev": true,
      "dependencies": {
        "@babel/template": "^7.22.15",
        "@babel/types": "^7.23.0"
      },
      "engines": {
        "node": ">=6.9.0"
      }
    },
    "node_modules/@babel/helper-hoist-variables": {
      "version": "7.22.5",
      "resolved": "https://registry.npmjs.org/@babel/helper-hoist-variables/-/helper-hoist-variables-7.22.5.tgz",
      "integrity": "sha512-wGjk9QZVzvknA6yKIUURb8zY3grXCcOZt+/7Wcy8O2uctxhplmUPkOdlgoNhmdVee2c92JXbf1xpMtVNbfoxRw==",
      "dev": true,
      "dependencies": {
        "@babel/types": "^7.22.5"
      },
      "engines": {
        "node": ">=6.9.0"
      }
    },
    "node_modules/@babel/helper-module-imports": {
      "version": "7.22.15",
      "resolved": "https://registry.npmjs.org/@babel/helper-module-imports/-/helper-module-imports-7.22.15.tgz",
      "integrity": "sha512-0pYVBnDKZO2fnSPCrgM/6WMc7eS20Fbok+0r88fp+YtWVLZrp4CkafFGIp+W0VKw4a22sgebPT99y+FDNMdP4w==",
      "dev": true,
      "dependencies": {
        "@babel/types": "^7.22.15"
      },
      "engines": {
        "node": ">=6.9.0"
      }
    },
    "node_modules/@babel/helper-module-transforms": {
      "version": "7.23.3",
      "resolved": "https://registry.npmjs.org/@babel/helper-module-transforms/-/helper-module-transforms-7.23.3.tgz",
      "integrity": "sha512-7bBs4ED9OmswdfDzpz4MpWgSrV7FXlc3zIagvLFjS5H+Mk7Snr21vQ6QwrsoCGMfNC4e4LQPdoULEt4ykz0SRQ==",
      "dev": true,
      "dependencies": {
        "@babel/helper-environment-visitor": "^7.22.20",
        "@babel/helper-module-imports": "^7.22.15",
        "@babel/helper-simple-access": "^7.22.5",
        "@babel/helper-split-export-declaration": "^7.22.6",
        "@babel/helper-validator-identifier": "^7.22.20"
      },
      "engines": {
        "node": ">=6.9.0"
      },
      "peerDependencies": {
        "@babel/core": "^7.0.0"
      }
    },
    "node_modules/@babel/helper-plugin-utils": {
      "version": "7.24.0",
      "resolved": "https://registry.npmjs.org/@babel/helper-plugin-utils/-/helper-plugin-utils-7.24.0.tgz",
      "integrity": "sha512-9cUznXMG0+FxRuJfvL82QlTqIzhVW9sL0KjMPHhAOOvpQGL8QtdxnBKILjBqxlHyliz0yCa1G903ZXI/FuHy2w==",
      "dev": true,
      "engines": {
        "node": ">=6.9.0"
      }
    },
    "node_modules/@babel/helper-simple-access": {
      "version": "7.22.5",
      "resolved": "https://registry.npmjs.org/@babel/helper-simple-access/-/helper-simple-access-7.22.5.tgz",
      "integrity": "sha512-n0H99E/K+Bika3++WNL17POvo4rKWZ7lZEp1Q+fStVbUi8nxPQEBOlTmCOxW/0JsS56SKKQ+ojAe2pHKJHN35w==",
      "dev": true,
      "dependencies": {
        "@babel/types": "^7.22.5"
      },
      "engines": {
        "node": ">=6.9.0"
      }
    },
    "node_modules/@babel/helper-split-export-declaration": {
      "version": "7.22.6",
      "resolved": "https://registry.npmjs.org/@babel/helper-split-export-declaration/-/helper-split-export-declaration-7.22.6.tgz",
      "integrity": "sha512-AsUnxuLhRYsisFiaJwvp1QF+I3KjD5FOxut14q/GzovUe6orHLesW2C7d754kRm53h5gqrz6sFl6sxc4BVtE/g==",
      "dev": true,
      "dependencies": {
        "@babel/types": "^7.22.5"
      },
      "engines": {
        "node": ">=6.9.0"
      }
    },
    "node_modules/@babel/helper-string-parser": {
      "version": "7.23.4",
      "resolved": "https://registry.npmjs.org/@babel/helper-string-parser/-/helper-string-parser-7.23.4.tgz",
      "integrity": "sha512-803gmbQdqwdf4olxrX4AJyFBV/RTr3rSmOj0rKwesmzlfhYNDEs+/iOcznzpNWlJlIlTJC2QfPFcHB6DlzdVLQ==",
      "dev": true,
      "engines": {
        "node": ">=6.9.0"
      }
    },
    "node_modules/@babel/helper-validator-identifier": {
      "version": "7.22.20",
      "resolved": "https://registry.npmjs.org/@babel/helper-validator-identifier/-/helper-validator-identifier-7.22.20.tgz",
      "integrity": "sha512-Y4OZ+ytlatR8AI+8KZfKuL5urKp7qey08ha31L8b3BwewJAoJamTzyvxPR/5D+KkdJCGPq/+8TukHBlY10FX9A==",
      "dev": true,
      "engines": {
        "node": ">=6.9.0"
      }
    },
    "node_modules/@babel/helper-validator-option": {
      "version": "7.23.5",
      "resolved": "https://registry.npmjs.org/@babel/helper-validator-option/-/helper-validator-option-7.23.5.tgz",
      "integrity": "sha512-85ttAOMLsr53VgXkTbkx8oA6YTfT4q7/HzXSLEYmjcSTJPMPQtvq1BD79Byep5xMUYbGRzEpDsjUf3dyp54IKw==",
      "dev": true,
      "engines": {
        "node": ">=6.9.0"
      }
    },
    "node_modules/@babel/helpers": {
      "version": "7.24.0",
      "resolved": "https://registry.npmjs.org/@babel/helpers/-/helpers-7.24.0.tgz",
      "integrity": "sha512-ulDZdc0Aj5uLc5nETsa7EPx2L7rM0YJM8r7ck7U73AXi7qOV44IHHRAYZHY6iU1rr3C5N4NtTmMRUJP6kwCWeA==",
      "dev": true,
      "dependencies": {
        "@babel/template": "^7.24.0",
        "@babel/traverse": "^7.24.0",
        "@babel/types": "^7.24.0"
      },
      "engines": {
        "node": ">=6.9.0"
      }
    },
    "node_modules/@babel/highlight": {
      "version": "7.23.4",
      "resolved": "https://registry.npmjs.org/@babel/highlight/-/highlight-7.23.4.tgz",
      "integrity": "sha512-acGdbYSfp2WheJoJm/EBBBLh/ID8KDc64ISZ9DYtBmC8/Q204PZJLHyzeB5qMzJ5trcOkybd78M4x2KWsUq++A==",
      "dev": true,
      "dependencies": {
        "@babel/helper-validator-identifier": "^7.22.20",
        "chalk": "^2.4.2",
        "js-tokens": "^4.0.0"
      },
      "engines": {
        "node": ">=6.9.0"
      }
    },
    "node_modules/@babel/parser": {
      "version": "7.24.0",
      "resolved": "https://registry.npmjs.org/@babel/parser/-/parser-7.24.0.tgz",
      "integrity": "sha512-QuP/FxEAzMSjXygs8v4N9dvdXzEHN4W1oF3PxuWAtPo08UdM17u89RDMgjLn/mlc56iM0HlLmVkO/wgR+rDgHg==",
      "dev": true,
      "bin": {
        "parser": "bin/babel-parser.js"
      },
      "engines": {
        "node": ">=6.0.0"
      }
    },
    "node_modules/@babel/plugin-transform-react-jsx-self": {
      "version": "7.23.3",
      "resolved": "https://registry.npmjs.org/@babel/plugin-transform-react-jsx-self/-/plugin-transform-react-jsx-self-7.23.3.tgz",
      "integrity": "sha512-qXRvbeKDSfwnlJnanVRp0SfuWE5DQhwQr5xtLBzp56Wabyo+4CMosF6Kfp+eOD/4FYpql64XVJ2W0pVLlJZxOQ==",
      "dev": true,
      "dependencies": {
        "@babel/helper-plugin-utils": "^7.22.5"
      },
      "engines": {
        "node": ">=6.9.0"
      },
      "peerDependencies": {
        "@babel/core": "^7.0.0-0"
      }
    },
    "node_modules/@babel/plugin-transform-react-jsx-source": {
      "version": "7.23.3",
      "resolved": "https://registry.npmjs.org/@babel/plugin-transform-react-jsx-source/-/plugin-transform-react-jsx-source-7.23.3.tgz",
      "integrity": "sha512-91RS0MDnAWDNvGC6Wio5XYkyWI39FMFO+JK9+4AlgaTH+yWwVTsw7/sn6LK0lH7c5F+TFkpv/3LfCJ1Ydwof/g==",
      "dev": true,
      "dependencies": {
        "@babel/helper-plugin-utils": "^7.22.5"
      },
      "engines": {
        "node": ">=6.9.0"
      },
      "peerDependencies": {
        "@babel/core": "^7.0.0-0"
      }
    },
    "node_modules/@babel/runtime": {
      "version": "7.24.0",
      "resolved": "https://registry.npmjs.org/@babel/runtime/-/runtime-7.24.0.tgz",
      "integrity": "sha512-Chk32uHMg6TnQdvw2e9IlqPpFX/6NLuK0Ys2PqLb7/gL5uFn9mXvK715FGLlOLQrcO4qIkNHkvPGktzzXexsFw==",
      "dependencies": {
        "regenerator-runtime": "^0.14.0"
      },
      "engines": {
        "node": ">=6.9.0"
      }
    },
    "node_modules/@babel/template": {
      "version": "7.24.0",
      "resolved": "https://registry.npmjs.org/@babel/template/-/template-7.24.0.tgz",
      "integrity": "sha512-Bkf2q8lMB0AFpX0NFEqSbx1OkTHf0f+0j82mkw+ZpzBnkk7e9Ql0891vlfgi+kHwOk8tQjiQHpqh4LaSa0fKEA==",
      "dev": true,
      "dependencies": {
        "@babel/code-frame": "^7.23.5",
        "@babel/parser": "^7.24.0",
        "@babel/types": "^7.24.0"
      },
      "engines": {
        "node": ">=6.9.0"
      }
    },
    "node_modules/@babel/traverse": {
      "version": "7.24.0",
      "resolved": "https://registry.npmjs.org/@babel/traverse/-/traverse-7.24.0.tgz",
      "integrity": "sha512-HfuJlI8qq3dEDmNU5ChzzpZRWq+oxCZQyMzIMEqLho+AQnhMnKQUzH6ydo3RBl/YjPCuk68Y6s0Gx0AeyULiWw==",
      "dev": true,
      "dependencies": {
        "@babel/code-frame": "^7.23.5",
        "@babel/generator": "^7.23.6",
        "@babel/helper-environment-visitor": "^7.22.20",
        "@babel/helper-function-name": "^7.23.0",
        "@babel/helper-hoist-variables": "^7.22.5",
        "@babel/helper-split-export-declaration": "^7.22.6",
        "@babel/parser": "^7.24.0",
        "@babel/types": "^7.24.0",
        "debug": "^4.3.1",
        "globals": "^11.1.0"
      },
      "engines": {
        "node": ">=6.9.0"
      }
    },
    "node_modules/@babel/types": {
      "version": "7.24.0",
      "resolved": "https://registry.npmjs.org/@babel/types/-/types-7.24.0.tgz",
      "integrity": "sha512-+j7a5c253RfKh8iABBhywc8NSfP5LURe7Uh4qpsh6jc+aLJguvmIUBdjSdEMQv2bENrCR5MfRdjGo7vzS/ob7w==",
      "dev": true,
      "dependencies": {
        "@babel/helper-string-parser": "^7.23.4",
        "@babel/helper-validator-identifier": "^7.22.20",
        "to-fast-properties": "^2.0.0"
      },
      "engines": {
        "node": ">=6.9.0"
      }
    },
    "node_modules/@esbuild/aix-ppc64": {
      "version": "0.19.12",
      "resolved": "https://registry.npmjs.org/@esbuild/aix-ppc64/-/aix-ppc64-0.19.12.tgz",
      "integrity": "sha512-bmoCYyWdEL3wDQIVbcyzRyeKLgk2WtWLTWz1ZIAZF/EGbNOwSA6ew3PftJ1PqMiOOGu0OyFMzG53L0zqIpPeNA==",
      "cpu": [
        "ppc64"
      ],
      "dev": true,
      "optional": true,
      "os": [
        "aix"
      ],
      "engines": {
        "node": ">=12"
      }
    },
    "node_modules/@esbuild/android-arm": {
      "version": "0.19.12",
      "resolved": "https://registry.npmjs.org/@esbuild/android-arm/-/android-arm-0.19.12.tgz",
      "integrity": "sha512-qg/Lj1mu3CdQlDEEiWrlC4eaPZ1KztwGJ9B6J+/6G+/4ewxJg7gqj8eVYWvao1bXrqGiW2rsBZFSX3q2lcW05w==",
      "cpu": [
        "arm"
      ],
      "dev": true,
      "optional": true,
      "os": [
        "android"
      ],
      "engines": {
        "node": ">=12"
      }
    },
    "node_modules/@esbuild/android-arm64": {