# This file is automatically @generated by Cargo.
# It is not intended for manual editing.
version = 3

[[package]]
name = "actix-codec"
version = "0.5.2"
source = "registry+https://github.com/rust-lang/crates.io-index"
checksum = "5f7b0a21988c1bf877cf4759ef5ddaac04c1c9fe808c9142ecb78ba97d97a28a"
dependencies = [
 "bitflags 2.4.2",
 "bytes",
 "futures-core",
 "futures-sink",
 "memchr",
 "pin-project-lite",
 "tokio",
 "tokio-util",
 "tracing",
]

[[package]]
name = "actix-http"
version = "3.6.0"
source = "registry+https://github.com/rust-lang/crates.io-index"
checksum = "d223b13fd481fc0d1f83bb12659ae774d9e3601814c68a0bc539731698cca743"
dependencies = [
 "actix-codec",
 "actix-rt",
 "actix-