# This file is automatically @generated by Cargo.
# It is not intended for manual editing.
version = 3

[[package]]
name = "actix-codec"
version = "0.5.2"
source = "registry+https://github.com/rust-lang/crates.io-index"
checksum = "5f7b0a21988c1bf877cf4759ef5ddaac04c1c9fe808c9142ecb78ba97d97a28a"
dependencies = [
 "bitflags 2.4.2",
 "bytes",
 "futures-core",
 "futures-sink",
 "memchr",
 "pin-project-lite",
 "tokio",
 "tokio-util",
 "tracing",
]

[[package]]
name = "actix-http"
version = "3.6.0"
source = "registry+https://github.com/rust-lang/crates.io-index"
checksum = "d223b13fd481fc0d1f83bb12659ae774d9e3601814c68a0bc539731698cca743"
dependencies = [
 "actix-codec",
 "actix-rt",
 "actix-service",
 "actix-utils",
 "ahash",
 "base64 0.21.7",
 "bitflags 2.4.2",
 "brotli",
 "bytes",
 "bytestring",
 "derive_more",
 "encoding_rs",
 "flate2",
 "futures-core",
 "h2",
 "http",
 "httparse",
 "httpdate",
 "itoa",
 "language-tags",
 "local-channel",
 "mime",
 "percent-encoding",
 "pin-project-lite",
 "rand",
 "sha1",
 "smallvec",
 "tokio",
 "tokio-util",
 "tracing",
 "zstd 0.13.0",
]

[[package]]
name = "actix-macros"
version = "0.2.4"
source = "registry+https://github.com/rust-lang/crates.io-index"
checksum = "e01ed3140b2f8d422c68afa1ed2e85d996ea619c988ac834d255db32138655cb"
dependencies = [
 "quote",
 "syn 2.0.52",
]

[[package]]
nam