# This file is automatically @generated by Cargo.
# It is not intended for manual editing.
version = 3

[[package]]
name = "actix-codec"
version = "0.5.2"
source = "registry+https://github.com/rust-lang/crates.io-index"
checksum = "5f7b0a21988c1bf877cf4759ef5ddaac04c1c9fe808c9142ecb78ba97d97a28a"
dependencies = [
 "bitflags 2.4.2",
 "bytes",
 "futures-core",
 "futures-sink",
 "memchr",
 "pin-project-lite",
 "tokio",
 "tokio-util",
 "tracing",
]

[[package]]
name = "actix-http"
version = "3.6.0"
source = "registry+https://github.com/rust-lang/crates.io-index"
checksum = "d223b13fd481fc0d1f83bb12659ae774d9e3601814c68a0bc539731698cca743"
dependencies = [
 "actix-codec",
 "actix-rt",
 "actix-service",
 "actix-utils",
 "ahash",
 "base64 0.21.7",
 "bitflags 2.4.2",
 "brotli",
 "bytes",
 "bytestring",
 "derive_more",
 "encoding_rs",
 "flate2",
 "futures-core",
 "h2",
 "http",
 "httparse",
 "httpdate",
 "itoa",
 "language-tags",
 "local-channel",
 "mime",
 "percent-encoding",
 "pin-project-lite",
 "rand",
 "sha1",
 "smallvec",
 "tokio",
 "tokio-util",
 "tracing",
 "zstd 0.13.0",
]

[[package]]
name = "actix-macros"
version = "0.2.4"
source = "registry+https://github.com/rust-lang/crates.io-index"
checksum = "e01ed3140b2f8d422c68afa1ed2e85d996ea619c988ac834d255db32138655cb"
dependencies = [
 "quote",
 "syn 2.0.52",
]

[[package]]
name = "actix-router"
version = "0.5.2"
source = "registry+https://github.com/rust-lang/crates.io-index"
checksum = "d22475596539443685426b6bdadb926ad0ecaefdfc5fb05e5e3441f15463c511"
dependencies = [
 "bytestring",
 "http",
 "regex",
 "serde",
 "tracing",
]

[[package]]
name = "actix-rt"
version = "2.9.0"
source = "registry+https://github.com/rust-lang/crates.io-index"
checksum = "28f32d40287d3f402ae0028a9d54bef51af15c8769492826a69d28f81893151d"
dependencies = [
 "futures-core",
 "tokio",
]

[[package]]
name = "actix-server"
version = "2.3.0"
source = "registry+https://github.com/rust-lang/crates.io-index"
checksum = "3eb13e7eef0423ea6eab0e59f6c72e7cb46d33691ad56a726b3cd07ddec2c2d4"
dependencies = [
 "actix-rt",
 "actix-service",
 "actix-utils",
 "futures-core",
 "futures-util",
 "mio",
 "socket2",
 "tokio",
 "tracing",
]

[[package]]
name = "actix-service"
version = "2.0.2"
source = "registry+https://github.com/rust-lang/crates.io-index"
checksum = "3b894941f818cfdc7ccc4b9e60fa7e53b5042a2e8567270f9147d5591893373a"
dependencies = [
 "futures-core",
 "paste",
 "pin-project-lite",
]

[[package]]
name = "actix-utils"
version = "3.0.1"
source = "registry+https://github.com/rust-lang/crates.io-index"
checksum = "88a1dcdff1466e3c2488e1cb5c36a71822750ad43839937f85d2f4d9f8b705d8"
dependencies = [
 "local-waker",
 "pin-project-lite",
]

[[package]]
name = "actix-web"
version = "4.5.1"
source = "registry+https://github.com/rust-lang/crates.io-index"
checksum = "43a6556ddebb638c2358714d853257ed226ece6023ef9364f23f0c70737ea984"
dependencies = [
 "actix-codec",
 "actix-http",
 "actix-macros",
 "actix-router",
 "actix-rt",
 "actix-server",
 "actix-service",
 "actix-utils",
 "actix-web-codegen",
 "ahash",
 "bytes",
 "bytestring",
 "cfg-if",
 "cookie",
 "derive_more",
 "encoding_rs",
 "futures-core",
 "futures-util",
 "itoa",
 "language-tags",
 "log",
 "mime",
 "once_cell",
 "pin-project-lite",
 "regex",
 "serde",
 "serde_json",
 "serde_urlencoded",
 "smallvec",
 "socket2",
 "time",
 "url",
]

[[package]]
name = "actix-web-codegen"
version = "4.2.2"
source = "registry+https://github.com/rust-lang/crates.io-index"
checksum = "eb1f50ebbb30eca122b188319a4398b3f7bb4a8cdf50ecfb73bfc6a3c3ce54f5"
dependencies = [
 "actix-router",
 "proc-macro2",
 "quote",
 "syn 2.0.52",
]

[[package]]
name = "addr2line"
version = "0.21.0"
source = "registry+https://github.com/rust-lang/crates.io-index"
checksum = "8a30b2e23b9e17a9f90641c7ab1549cd9b44f296d3ccbf309d2863cfe398a0cb"
dependencies = [
 "gimli",
]

[[package]]
name = "adler"
version = "1.0.2"
source = "registry+https://github.com/rust-lang/crates.io-index"
checksum = "f26201604c87b1e01bd3d98f8d5d9a8fcbb815e8cedb41ffccbeb4bf593a35fe"

[[package]]
name = "aes"
version = "0.8.4"
source = "registry+https://github.com/rust-lang/crates.io-index"
checksum = "b169f7a6d4742236a0a00c541b845991d0ac43e546831af1249753ab4c3aa3a0"
dependencies = [
 "cfg-if",
 "cipher",
 "cpufeatures",
]

[[package]]
name = "ahash"
version = "0.8.11"
source = "registry+https://github.com/rust-lang/crates.io-index"
checksum = "e89da841a80418a9b391ebaea17f5c112ffaaa96f621d2c285b5174da76b9011"
dependencies = [
 "cfg-if",
 "getrandom",
 "once_cell",
 "version_check",
 "zerocopy",
]

[[package]]
name = "aho-corasick"
version = "0.7.20"
source = "registry+https://github.com/rust-lang/crates.io-index"
checksum = "cc936419f96fa211c1b9166887b38e5e40b19958e5b895be7c1f93adec7071ac"
dependencies = [
 "memchr",
]

[[package]]
name = "aho-corasick"
version = "1.1.2"
source = "registry+https://github.com/rust-lang/crates.io-index"
checksum = "b2969dcb958b36655471fc61f7e416fa76033bdd4bfed0678d8fee1e2d07a1f0"
dependencies = [
 "memchr",
]

[[package]]
name = "ai-companion"
version = "1.0.0"
dependencies = [
 "actix-web",
 "base64 0.22.0",
 "chrono",
 "futures-util",
 "llm",
 "png",
 "rand",
 "rusqlite",
 "serde",
 "serde_json",
 "tantivy",
 "winres",
]

[[package]]
name = "alloc-no-stdlib"
version = "2.0.4"
source = "registry+https://github.com/rust-lang/crates.io-index"
checksum = "cc7bb162ec39d46ab1ca8c77bf72e890535becd1751bb45f64c597edb4c8c6b3"

[[package]]
name = "alloc-stdlib"
version = "0.2.2"
source = "registry+https://github.com/rust-lang/crates.io-index"
checksum = "94fb8275041c72129eb51b7d0322c29b8387a0386127718b096429201a5d6ece"
dependencies = [
 "alloc-no-stdlib",
]

[[package]]
name = "allocator-api2"
version = "0.2.16"
source = "registry+https://github.com/rust-lang/crates.io-index"
checksum = "0942ffc6dcaadf03badf6e6a2d0228460359d5e34b57ccdc720b7382dfbd5ec5"

[[package]]
name = "android-tzdata"
version = "0.1.1"
source = "registry+https://github.com/rust-lang/crates.io-index"
checksum = "e999941b234f3131b00bc13c22d06e8c5ff726d1b6318ac7eb276997bbb4fef0"

[[package]]
name = "android_system_properties"
version = "0.1.5"
source = "registry+https://github.com/rust-lang/crates.io-index"
checksum = "819e7219dbd41043ac279b19830f2efc897156490d7fd6ea916720117ee66311"
dependencies = [
 "libc",
]

[[package]]
name = "anyhow"
version = "1.0.81"
source = "registry+https://github.com/rust-lang/crates.io-index"
checksum = "0952808a6c2afd1aa8947271f3a60f1a6763c7b912d210184c5149b5cf147247"

[[package]]
name = "arc-swap"
version = "1